
Microsoft Visual Studio Solution File, Format Version 12.00
# Visual Studio Version 16
VisualStudioVersion = 16.0.29306.81
MinimumVisualStudioVersion = 10.0.40219.1
Project("{9A19103F-16F7-4668-BE54-9A1E7A4F7556}") = "HackathonProj", "HackathonProj\HackathonProj.csproj", "{457736C5-C739-44CD-8F9A-4DD1A6563177}"
EndProject
Global
	GlobalSection(SolutionConfigurationPlatforms) = preSolution
		Debug|Any CPU = Debug|Any CPU
		Release|Any CPU = Release|Any CPU
	EndGlobalSection
	GlobalSection(ProjectConfigurationPlatforms) = postSolution
		{457736C5-C739-44CD-8F9A-4DD1A6563177}.Debug|Any CPU.ActiveCfg = Debug|Any CPU
		{457736C5-C739-44CD-8F9A-4DD1A6563177}.Debug|Any CPU.Build.0 = Debug|Any CPU
		{457736C5-C739-44CD-8F9A-4DD1A6563177}.Release|Any CPU.ActiveCfg = Release|Any CPU
		{457736C5-C739-44CD-8F9A-4DD1A6563177}.Release|Any CPU.Build.0 = Release|Any CPU
	EndGlobalSection
	GlobalSection(SolutionProperties) = preSolution
		HideSolutionNode = FALSE
	EndGlobalSection
	GlobalSection(ExtensibilityGlobals) = postSolution
		SolutionGuid = {9F564ACA-2B42-45E2-A5D0-FDBB076C06D5}
	EndGlobalSection
EndGlobal
